# This file is generated by running "yarn install" inside your project.
# Manual changes might be lost - proceed with caution!

__metadata:
  version: 10
  cacheKey: 10c0

"@bufbuild/protobuf@npm:^2.0.0, @bufbuild/protobuf@npm:^2.10.2":
  version: 2.12.0
  resolution: "@bufbuild/protobuf@npm:2.12.0"
  checksum: 10c0/28959e371fd2e7c8d67d52af9e3c8f8e6770e2e116dcc5508f469ca736afa6905e216bc76183835898a5f3deb8aa2e7db47d4a0e706fba76115e9a1996893191
  languageName: node
  linkType: hard

"@nestjs/microservices@npm:^11.1.24":
  version: 11.1.24
  resolution: "@nestjs/microservices@npm:11.1.24"
  dependencies:
    iterare: "npm:1.2.1"
    tslib: "npm:2.8.1"
  peerDependencies:
    "@grpc/grpc-js": "*"
    "@nestjs/common": ^11.0.0
    "@nestjs/core": ^11.0.0
    "@nestjs/websockets": ^11.0.0
    amqp-connection-manager: "*"
    amqplib: "*"
    cache-manager: "*"
    ioredis: "*"
    kafkajs: "*"
    mqtt: "*"
    nats: "*"
    reflect-metadata: ^0.1.12 || ^0.2.0
    rxjs: ^7.1.0
  peerDependenciesMeta:
    "@grpc/grpc-js":
      optional: true
    "@nestjs/websockets":
      optional: true
    amqp-connection-manager:
      optional: true
    amqplib:
      optional: true
    cache-manager:
      optional: true
    ioredis:
      optional: true
    kafkajs:
      optional: true
    mqtt:
      optional: true
    nats:
      optional: true
  checksum: 10c0/6e63e75a068335d70f2d42e6492056faf9b80786ac25b985dcc3e9ac04c68a25bdb7522e8f6077000b8656063d713edef5314aa00ec363bb5646ef4820638afd
  languageName: node
  linkType: hard

"@types/node@npm:^26.1.1":
  version: 26.1.1
  resolution: "@types/node@npm:26.1.1"
  dependencies:
    undici-types: "npm:~8.3.0"
  checksum: 10c0/25ac5093195736dd074d5027adbba85617bc951d5a41506ebd3b9073048acb7233613f3822d5f9b9447f9c0841c91f6387c46283916767e3ef79f23917452c46
  languageName: node
  linkType: hard

"@walkcat/contracts@workspace:.":
  version: 0.0.0-use.local
  resolution: "@walkcat/contracts@workspace:."
  dependencies:
    "@nestjs/microservices": "npm:^11.1.24"
    "@types/node": "npm:^26.1.1"
    rxjs: "npm:^7.8.2"
    ts-proto: "npm:^2.11.8"
    typescript: "npm:^5.7.3"
  languageName: unknown
  linkType: soft

"case-anything@npm:^2.1.13":
  version: 2.1.13
  resolution: "case-anything@npm:2.1.13"
  checksum: 10c0/b02ffa51d7d58b9a32df7b40973836e16afad131eae7d343e64cb3ca7be57a936bf3d6c9d57a7aa242cf2f545d9a33990b755e93bcac2517761d77773a4a6a30
  languageName: node
  linkType: hard

"detect-libc@npm:^1.0.3":
  version: 1.0.3
  resolution: "detect-libc@npm:1.0.3"
  bin:
    detect-libc: ./bin/detect-libc.js
  checksum: 10c0/4da0deae9f69e13bc37a0902d78bf7169480004b1fed3c19722d56cff578d16f0e11633b7fbf5fb6249181236c72e90024cbd68f0b9558ae06e281f47326d50d
  languageName: node
  linkType: hard

"dprint-node@npm:^1.0.8":
  version: 1.0.8
  resolution: "dprint-node@npm:1.0.8"
  dependencies:
    detect-libc: "npm:^1.0.3"
  checksum: 10c0/39c1f8511833226cde773129afc5862dfd05babe062375e6b1f5824e221a5743a4d9c48626f32f7c2080113566270fe80521a50acb9029a20a2e80a3cd5e4106
  languageName: node
  linkType: hard

"iterare@npm:1.2.1":
  version: 1.2.1
  resolution: "iterare@npm:1.2.1"
  checksum: 10c0/02667d486e3e83ead028ba8484d927498c2ceab7e8c6a69dd881fd02abc4114f00b13abb36b592252fbb578b6e6f99ca1dfc2835408b9158c9a112a9964f453f
  languageName: node
  linkType: hard

"rxjs@npm:^7.8.2":
  version: 7.8.2
  resolution: "rxjs@npm:7.8.2"
  dependencies:
    tslib: "npm:^2.1.0"
  checksum: 10c0/1fcd33d2066ada98ba8f21fcbbcaee9f0b271de1d38dc7f4e256bfbc6ffcdde68c8bfb69093de7eeb46f24b1fb820620bf0223706cff26b4ab99a7ff7b2e2c45
  languageName: node
  linkType: hard

"ts-poet@npm:^6.12.0":
  version: 6.12.0
  resolution: "ts-poet@npm:6.12.0"
  dependencies:
    dprint-node: "npm:^1.0.8"
  checksum: 10c0/605ac770055259b618ba657b88995f7851d8a6106d9c335e71c8442be51a9b8a87c501aa7ab4babb43700a32ff47dc1cd877f78892c15166ded87c311c878735
  languageName: node
  linkType: hard

"ts-proto-descriptors@npm:2.1.0":
  version: 2.1.0
  resolution: "ts-proto-descriptors@npm:2.1.0"
  dependencies:
    "@bufbuild/protobuf": "npm:^2.0.0"
  checksum: 10c0/5695def6c31b7f3f8561876361a2db9f1ad859613fdcf1c7ffd093c3477fea4552ccccef9c99cd63ca2a215a7187e20e0de1fc942e2996d6671c25c6b190bf31
  languageName: node
  linkType: hard

"ts-proto@npm:^2.11.8":
  version: 2.11.8
  resolution: "ts-proto@npm:2.11.8"
  dependencies:
    "@bufbuild/protobuf": "npm:^2.10.2"
    case-anything: "npm:^2.1.13"
    ts-poet: "npm:^6.12.0"
    ts-proto-descriptors: "npm:2.1.0"
  bin:
    protoc-gen-ts_proto: protoc-gen-ts_proto
  checksum: 10c0/2d8098f59703430057f4a8cc7881b236459884dd6e2bc52a80d638cffd63039b4eb5af186c64e64de129e8e226f3d2dffa1fa7ea324228a39fc01a5ec5465d04
  languageName: node
  linkType: hard

"tslib@npm:2.8.1, tslib@npm:^2.1.0":
  version: 2.8.1
  resolution: "tslib@npm:2.8.1"
  checksum: 10c0/9c4759110a19c53f992d9aae23aac5ced636e99887b51b9e61def52611732872ff7668757d4e4c61f19691e36f4da981cd9485e869b4a7408d689f6bf1f14e62
  languageName: node
  linkType: hard

"typescript@npm:^5.7.3":
  version: 5.9.3
  resolution: "typescript@npm:5.9.3"
  bin:
    tsc: bin/tsc
    tsserver: bin/tsserver
  checksum: 10c0/6bd7552ce39f97e711db5aa048f6f9995b53f1c52f7d8667c1abdc1700c68a76a308f579cd309ce6b53646deb4e9a1be7c813a93baaf0a28ccd536a30270e1c5
  languageName: node
  linkType: hard

"typescript@patch:typescript@npm%3A^5.7.3#optional!builtin<compat/typescript>":
  version: 5.9.3
  resolution: "typescript@patch:typescript@npm%3A5.9.3#optional!builtin<compat/typescript>::version=5.9.3&hash=5786d5"
  bin:
    tsc: bin/tsc
    tsserver: bin/tsserver
  checksum: 10c0/ad09fdf7a756814dce65bc60c1657b40d44451346858eea230e10f2e95a289d9183b6e32e5c11e95acc0ccc214b4f36289dcad4bf1886b0adb84d711d336a430
  languageName: node
  linkType: hard

"undici-types@npm:~8.3.0":
  version: 8.3.0
  resolution: "undici-types@npm:8.3.0"
  checksum: 10c0/c8aa7e2fbebfce519654dafadc0ece59be888d2ccaf180fb4495da875e7b536d2456345c384069c7e6f3e9c9ab7435f074957da306f142343eee86ff8048855a
  languageName: node
  linkType: hard
